
Microsoft Visual Studio Solution File, Format Version 12.00
# Visual Studio Version 17
VisualStudioVersion = 17.1.32228.430
MinimumVisualStudioVersion = 10.0.40219.1
Project("{FAE04EC0-301F-11D3-BF4B-00C04F79EFBC}") = "EscapeRoom", "EscapeRoom\EscapeRoom.csproj", "{8F4418CD-72EF-4609-B844-840DF9E966F9}"
EndProject
Global
	GlobalSection(SolutionConfigurationPlatforms) = preSolution
		Debug|Any CPU = Debug|Any CPU
		Release|Any CPU = Release|Any CPU
	EndGlobalSection
	GlobalSection(ProjectConfigurationPlatforms) = postSolution
		{8F4418CD-72EF-4609-B844-840DF9E966F9}.Debug|Any CPU.ActiveCfg = Debug|Any CPU
		{8F4418CD-72EF-4609-B844-840DF9E966F9}.Debug|Any CPU.Build.0 = Debug|Any CPU
		{8F4418CD-72EF-4609-B844-840DF9E966F9}.Release|Any CPU.ActiveCfg = Release|Any CPU
		{8F4418CD-72EF-4609-B844-840DF9E966F9}.Release|Any CPU.Build.0 = Release|Any CPU
	EndGlobalSection
	GlobalSection(SolutionProperties) = preSolution
		HideSolutionNode = FALSE
	EndGlobalSection
	GlobalSection(ExtensibilityGlobals) = postSolution
		SolutionGuid = {BAA76C05-7BD2-4420-8BDF-B4CDA8D6F109}
	EndGlobalSection
EndGlobal
